
Microsoft Visual Studio Solution File, Format Version 12.00
Project("{FAE04EC0-301F-11D3-BF4B-00C04F79EFBC}") = "CsharpStudy.Game", "CsharpStudy.Game\CsharpStudy.Game.csproj", "{B9B292B8-A726-4BC2-949A-F6DBBE2E9DDE}"
EndProject
Project("{FAE04EC0-301F-11D3-BF4B-00C04F79EFBC}") = "CsharpStudy.Asset", "CsharpStudy.Asset\CsharpStudy.Asset.csproj", "{2FE70544-BD52-44AB-868B-72D036418F75}"
EndProject
Project("{FAE04EC0-301F-11D3-BF4B-00C04F79EFBC}") = "CsharpStudy.2Season", "CsharpStudy.2Season\CsharpStudy.2Season.csproj", "{459D6CDB-E4D3-4CA6-B17D-4B415AEA703D}"
EndProject
Project("{FAE04EC0-301F-11D3-BF4B-00C04F79EFBC}") = "CsharpStudy.2Season.Tests", "CsharpStudy.2Season.Tests\CsharpStudy.2Season.Tests.csproj", "{4D4F1AF7-6320-492F-911F-BCD4B2419BD6}"
EndProject
Project("{FAE04EC0-301F-11D3-BF4B-00C04F79EFBC}") = "CsharpStudy_Debug", "CsharpStudy_Debug\CsharpStudy_Debug.csproj", "{C7FA64BF-640A-4BE2-9D4D-9733C7D170D3}"
EndProject
Project("{FAE04EC0-301F-11D3-BF4B-00C04F79EFBC}") = "CsharpStudy_0826", "CsharpStudy_0826\CsharpStudy_0826.csproj", "{EB1F3AA4-1FE1-4625-B3EB-556545BF6E56}"
EndProject
Project("{FAE04EC0-301F-11D3-BF4B-00C04F79EFBC}") = "250901", "250901\250901.csproj", "{15F1B577-A6D7-441A-85E1-91A753498EC1}"
EndProject
Project("{FAE04EC0-301F-11D3-BF4B-00C04F79EFBC}") = "250901_2", "250901_2\250901_2.csproj", "{88578891-E70A-4052-8F83-E30C29030F3B}"
EndProject
Project("{FAE04EC0-301F-11D3-BF4B-00C04F79EFBC}") = "250902", "250902\250902.csproj", "{E902B5D8-D9AC-4D30-A2C4-D949267D9006}"
EndProject
Project("{FAE04EC0-301F-11D3-BF4B-00C04F79EFBC}") = "250908", "250908\250908.csproj", "{F6EA9298-CCA1-4927-914D-9678383798CA}"
EndProject
Project("{FAE04EC0-301F-11D3-BF4B-00C04F79EFBC}") = "복습", "복습\복습.csproj", "{0517DE02-7C37-4C35-8DA6-B8EB9CAF06C9}"
EndProject
Project("{FAE04EC0-301F-11D3-BF4B-00C04F79EFBC}") = "250909", "250909\250909.csproj", "{75DD9230-7F7B-48F5-AFC5-CB2AC50A8B14}"
EndProject
Project("{FAE04EC0-301F-11D3-BF4B-00C04F79EFBC}") = "250911", "250911\250911.csproj", "{3A2CDFA9-DEE5-4111-B64A-CC88009F9DA9}"
EndProject
Project("{FAE04EC0-301F-11D3-BF4B-00C04F79EFBC}") = "250911.Tests", "250911.Tests\250911.Tests.csproj", "{2EE6E586-BF35-46B4-8188-23C94ECD1599}"
EndProject
Global
	GlobalSection(SolutionConfigurationPlatforms) = preSolution
		Debug|Any CPU = Debug|Any CPU
		Release|Any CPU = Release|Any CPU
	EndGlobalSection
	GlobalSection(ProjectConfigurationPlatforms) = postSolution
		{B9B292B8-A726-4BC2-949A-F6DBBE2E9DDE}.Debug|Any CPU.ActiveCfg = Debug|Any CPU
		{B9B292B8-A726-4BC2-949A-F6DBBE2E9DDE}.Debug|Any CPU.Build.0 = Debug|Any CPU
		{B9B292B8-A726-4BC2-949A-F6DBBE2E9DDE}.Release|Any CPU.ActiveCfg = Release|Any CPU
		{B9B292B8-A726-4BC2-949A-F6DBBE2E9DDE}.Release|Any CPU.Build.0 = Release|Any CPU
		{2FE70544-BD52-44AB-868B-72D036418F75}.Debug|Any CPU.ActiveCfg = Debug|Any CPU
		{2FE70544-BD52-44AB-868B-72D036418F75}.Debug|Any CPU.Build.0 = Debug|Any CPU
		{2FE70544-BD52-44AB-868B-72D036418F75}.Release|Any CPU.ActiveCfg = Release|Any CPU
		{2FE70544-BD52-44AB-868B-72D036418F75}.Release|Any CPU.Build.0 = Release|Any CPU
		{459D6CDB-E4D3-4CA6-B17D-4B415AEA703D}.Debug|Any CPU.ActiveCfg = Debug|Any CPU
		{459D6CDB-E4D3-4CA6-B17D-4B415AEA703D}.Debug|Any CPU.Build.0 = Debug|Any CPU
		{459D6CDB-E4D3-4CA6-B17D-4B415AEA703D}.Release|Any CPU.ActiveCfg = Release|Any CPU
		{459D6CDB-E4D3-4CA6-B17D-4B415AEA703D}.Release|Any CPU.Build.0 = Release|Any CPU
		{4D4F1AF7-6320-492F-911F-BCD4B2419BD6}.Debug|Any CPU.ActiveCfg = Debug|Any CPU
		{4D4F1AF7-6320-492F-911F-BCD4B2419BD6}.Debug|Any CPU.Build.0 = Debug|Any CPU
		{4D4F1AF7-6320-492F-911F-BCD4B2419BD6}.Release|Any CPU.ActiveCfg = Release|Any CPU
		{4D4F1AF7-6320-492F-911F-BCD4B2419BD6}.Release|Any CPU.Build.0 = Release|Any CPU
		{C7FA64BF-640A-4BE2-9D4D-9733C7D170D3}.Debug|Any CPU.ActiveCfg = Debug|Any CPU
		{C7FA64BF-640A-4BE2-9D4D-9733C7D170D3}.Debug|Any CPU.Build.0 = Debug|Any CPU
		{C7FA64BF-640A-4BE2-9D4D-9733C7D170D3}.Release|Any CPU.ActiveCfg = Release|Any CPU
		{C7FA64BF-640A-4BE2-9D4D-9733C7D170D3}.Release|Any CPU.Build.0 = Release|Any CPU
		{EB1F3AA4-1FE1-4625-B3EB-556545BF6E56}.Debug|Any CPU.ActiveCfg = Debug|Any CPU
		{EB1F3AA4-1FE1-4625-B3EB-556545BF6E56}.Debug|Any CPU.Build.0 = Debug|Any CPU
		{EB1F3AA4-1FE1-4625-B3EB-556545BF6E56}.Release|Any CPU.ActiveCfg = Release|Any CPU
		{EB1F3AA4-1FE1-4625-B3EB-556545BF6E56}.Release|Any CPU.Build.0 = Release|Any CPU
		{15F1B577-A6D7-441A-85E1-91A753498EC1}.Debug|Any CPU.ActiveCfg = Debug|Any CPU
		{15F1B577-A6D7-441A-85E1-91A753498EC1}.Debug|Any CPU.Build.0 = Debug|Any CPU
		{15F1B577-A6D7-441A-85E1-91A753498EC1}.Release|Any CPU.ActiveCfg = Release|Any CPU
		{15F1B577-A6D7-441A-85E1-91A753498EC1}.Release|Any CPU.Build.0 = Release|Any CPU
		{88578891-E70A-4052-8F83-E30C29030F3B}.Debug|Any CPU.ActiveCfg = Debug|Any CPU
		{88578891-E70A-4052-8F83-E30C29030F3B}.Debug|Any CPU.Build.0 = Debug|Any CPU
		{88578891-E70A-4052-8F83-E30C29030F3B}.Release|Any CPU.ActiveCfg = Release|Any CPU
		{88578891-E70A-4052-8F83-E30C29030F3B}.Release|Any CPU.Build.0 = Release|Any CPU
		{E902B5D8-D9AC-4D30-A2C4-D949267D9006}.Debug|Any CPU.ActiveCfg = Debug|Any CPU
		{E902B5D8-D9AC-4D30-A2C4-D949267D9006}.Debug|Any CPU.Build.0 = Debug|Any CPU
		{E902B5D8-D9AC-4D30-A2C4-D949267D9006}.Release|Any CPU.ActiveCfg = Release|Any CPU
		{E902B5D8-D9AC-4D30-A2C4-D949267D9006}.Release|Any CPU.Build.0 = Release|Any CPU
		{F6EA9298-CCA1-4927-914D-9678383798CA}.Debug|Any CPU.ActiveCfg = Debug|Any CPU
		{F6EA9298-CCA1-4927-914D-9678383798CA}.Debug|Any CPU.Build.0 = Debug|Any CPU
		{F6EA9298-CCA1-4927-914D-9678383798CA}.Release|Any CPU.ActiveCfg = Release|Any CPU
		{F6EA9298-CCA1-4927-914D-9678383798CA}.Release|Any CPU.Build.0 = Release|Any CPU
		{0517DE02-7C37-4C35-8DA6-B8EB9CAF06C9}.Debug|Any CPU.ActiveCfg = Debug|Any CPU
		{0517DE02-7C37-4C35-8DA6-B8EB9CAF06C9}.Debug|Any CPU.Build.0 = Debug|Any CPU
		{0517DE02-7C37-4C35-8DA6-B8EB9CAF06C9}.Release|Any CPU.ActiveCfg = Release|Any CPU
		{0517DE02-7C37-4C35-8DA6-B8EB9CAF06C9}.Release|Any CPU.Build.0 = Release|Any CPU
		{75DD9230-7F7B-48F5-AFC5-CB2AC50A8B14}.Debug|Any CPU.ActiveCfg = Debug|Any CPU
		{75DD9230-7F7B-48F5-AFC5-CB2AC50A8B14}.Debug|Any CPU.Build.0 = Debug|Any CPU
		{75DD9230-7F7B-48F5-AFC5-CB2AC50A8B14}.Release|Any CPU.ActiveCfg = Release|Any CPU
		{75DD9230-7F7B-48F5-AFC5-CB2AC50A8B14}.Release|Any CPU.Build.0 = Release|Any CPU
		{3A2CDFA9-DEE5-4111-B64A-CC88009F9DA9}.Debug|Any CPU.ActiveCfg = Debug|Any CPU
		{3A2CDFA9-DEE5-4111-B64A-CC88009F9DA9}.Debug|Any CPU.Build.0 = Debug|Any CPU
		{3A2CDFA9-DEE5-4111-B64A-CC88009F9DA9}.Release|Any CPU.ActiveCfg = Release|Any CPU
		{3A2CDFA9-DEE5-4111-B64A-CC88009F9DA9}.Release|Any CPU.Build.0 = Release|Any CPU
		{2EE6E586-BF35-46B4-8188-23C94ECD1599}.Debug|Any CPU.ActiveCfg = Debug|Any CPU
		{2EE6E586-BF35-46B4-8188-23C94ECD1599}.Debug|Any CPU.Build.0 = Debug|Any CPU
		{2EE6E586-BF35-46B4-8188-23C94ECD1599}.Release|Any CPU.ActiveCfg = Release|Any CPU
		{2EE6E586-BF35-46B4-8188-23C94ECD1599}.Release|Any CPU.Build.0 = Release|Any CPU
	EndGlobalSection
EndGlobal
